
Microsoft Visual Studio Solution File, Format Version 12.00
# Visual Studio Version 17
VisualStudioVersion = 17.14.36414.22 d17.14
MinimumVisualStudioVersion = 10.0.40219.1
Project("{FAE04EC0-301F-11D3-BF4B-00C04F79EFBC}") = "Vistas", "Vistas\Vistas.csproj", "{F350DA26-DC38-4865-8C00-48E8ED0E803D}"
EndProject
Project("{FAE04EC0-301F-11D3-BF4B-00C04F79EFBC}") = "Negocio", "Negocio\Negocio.csproj", "{3EE1766A-714E-4DFA-B900-A8779529FC59}"
EndProject
Project("{FAE04EC0-301F-11D3-BF4B-00C04F79EFBC}") = "Datos", "Datos\Datos.csproj", "{099E7A9B-CFA9-4EC3-B4F5-51811B6D6F4F}"
EndProject
Project("{FAE04EC0-301F-11D3-BF4B-00C04F79EFBC}") = "Entidades", "Entidades\Entidades.csproj", "{E84F0B5C-F178-433C-B5B8-9A9E4D630A45}"
EndProject
Global
	GlobalSection(SolutionConfigurationPlatforms) = preSolution
		Debug|Any CPU = Debug|Any CPU
		Release|Any CPU = Release|Any CPU
	EndGlobalSection
	GlobalSection(ProjectConfigurationPlatforms) = postSolution
		{F350DA26-DC38-4865-8C00-48E8ED0E803D}.Debug|Any CPU.ActiveCfg = Debug|Any CPU
		{F350DA26-DC38-4865-8C00-48E8ED0E803D}.Debug|Any CPU.Build.0 = Debug|Any CPU
		{F350DA26-DC38-4865-8C00-48E8ED0E803D}.Release|Any CPU.ActiveCfg = Release|Any CPU
		{F350DA26-DC38-4865-8C00-48E8ED0E803D}.Release|Any CPU.Build.0 = Release|Any CPU
		{3EE1766A-714E-4DFA-B900-A8779529FC59}.Debug|Any CPU.ActiveCfg = Debug|Any CPU
		{3EE1766A-714E-4DFA-B900-A8779529FC59}.Debug|Any CPU.Build.0 = Debug|Any CPU
		{3EE1766A-714E-4DFA-B900-A8779529FC59}.Release|Any CPU.ActiveCfg = Release|Any CPU
		{3EE1766A-714E-4DFA-B900-A8779529FC59}.Release|Any CPU.Build.0 = Release|Any CPU
		{099E7A9B-CFA9-4EC3-B4F5-51811B6D6F4F}.Debug|Any CPU.ActiveCfg = Debug|Any CPU
		{099E7A9B-CFA9-4EC3-B4F5-51811B6D6F4F}.Debug|Any CPU.Build.0 = Debug|Any CPU
		{099E7A9B-CFA9-4EC3-B4F5-51811B6D6F4F}.Release|Any CPU.ActiveCfg = Release|Any CPU
		{099E7A9B-CFA9-4EC3-B4F5-51811B6D6F4F}.Release|Any CPU.Build.0 = Release|Any CPU
		{E84F0B5C-F178-433C-B5B8-9A9E4D630A45}.Debug|Any CPU.ActiveCfg = Debug|Any CPU
		{E84F0B5C-F178-433C-B5B8-9A9E4D630A45}.Debug|Any CPU.Build.0 = Debug|Any CPU
		{E84F0B5C-F178-433C-B5B8-9A9E4D630A45}.Release|Any CPU.ActiveCfg = Release|Any CPU
		{E84F0B5C-F178-433C-B5B8-9A9E4D630A45}.Release|Any CPU.Build.0 = Release|Any CPU
	EndGlobalSection
	GlobalSection(SolutionProperties) = preSolution
		HideSolutionNode = FALSE
	EndGlobalSection
	GlobalSection(ExtensibilityGlobals) = postSolution
		SolutionGuid = {E73182D4-C876-4E72-A305-A7E8069CA7EC}
	EndGlobalSection
EndGlobal
